
Microsoft Visual Studio Solution File, Format Version 12.00
# Visual Studio Version 16
VisualStudioVersion = 16.0.31313.79
MinimumVisualStudioVersion = 10.0.40219.1
Project("{FAE04EC0-301F-11D3-BF4B-00C04F79EFBC}") = "RandomTestDrive", "RandomTestDrive\RandomTestDrive.csproj", "{7D21EACA-C1CE-49AC-AD93-A69D986C9605}"
EndProject
Global
	GlobalSection(SolutionConfigurationPlatforms) = preSolution
		Debug|Any CPU = Debug|Any CPU
		Release|Any CPU = Release|Any CPU
	EndGlobalSection
	GlobalSection(ProjectConfigurationPlatforms) = postSolution
		{7D21EACA-C1CE-49AC-AD93-A69D986C9605}.Debug|Any CPU.ActiveCfg = Debug|Any CPU
		{7D21EACA-C1CE-49AC-AD93-A69D986C9605}.Debug|Any CPU.Build.0 = Debug|Any CPU
		{7D21EACA-C1CE-49AC-AD93-A69D986C9605}.Release|Any CPU.ActiveCfg = Release|Any CPU
		{7D21EACA-C1CE-49AC-AD93-A69D986C9605}.Release|Any CPU.Build.0 = Release|Any CPU
	EndGlobalSection
	GlobalSection(SolutionProperties) = preSolution
		HideSolutionNode = FALSE
	EndGlobalSection
	GlobalSection(ExtensibilityGlobals) = postSolution
		SolutionGuid = {6D3007A3-432B-453E-BD6F-C26A3DEACA12}
	EndGlobalSection
EndGlobal
